
Microsoft Visual Studio Solution File, Format Version 12.00
# Visual Studio Version 16
VisualStudioVersion = 16.0.30711.63
MinimumVisualStudioVersion = 10.0.40219.1
Project("{9A19103F-16F7-4668-BE54-9A1E7A4F7556}") = "BungeeCore", "BungeeCore\BungeeCore.csproj", "{4827DA3A-60A6-46AD-82D3-0F6DEE10436F}"
	ProjectSection(ProjectDependencies) = postProject
		{3E056827-3EA1-4623-A6E4-6322BE88125D} = {3E056827-3EA1-4623-A6E4-6322BE88125D}
		{3450CA39-9A12-4BC3-8FB8-D2B63AF78BB5} = {3450CA39-9A12-4BC3-8FB8-D2B63AF78BB5}
	EndProjectSection
EndProject
Project("{9A19103F-16F7-4668-BE54-9A1E7A4F7556}") = "BungeeCore.Model", "BungeeCore.Model\BungeeCore.Model.csproj", "{3E056827-3EA1-4623-A6E4-6322BE88125D}"
EndProject
Project("{9A19103F-16F7-4668-BE54-9A1E7A4F7556}") = "BungeeCore.Common", "BungeeCore.Common\BungeeCore.Common.csproj", "{3450CA39-9A12-4BC3-8FB8-D2B63AF78BB5}"
EndProject
Project("{9A19103F-16F7-4668-BE54-9A1E7A4F7556}") = "BungeeCore.Service", "BungeeCore.Service\BungeeCore.Service.csproj", "{2DC23E46-A645-4241-B856-9F2AF451B9DF}"
EndProject
Global
	GlobalSection(SolutionConfigurationPlatforms) = preSolution
		Debug|Any CPU = Debug|Any CPU
		Release|Any CPU = Release|Any CPU
	EndGlobalSection
	GlobalSection(ProjectConfigurationPlatforms) = postSolution
		{4827DA3A-60A6-46AD-82D3-0F6DEE10436F}.Debug|Any CPU.ActiveCfg = Debug|Any CPU
		{4827DA3A-60A6-46AD-82D3-0F6DEE10436F}.Debug|Any CPU.Build.0 = Debug|Any CPU
		{4827DA3A-60A6-46AD-82D3-0F6DEE10436F}.Release|Any CPU.ActiveCfg = Release|Any CPU
		{4827DA3A-60A6-46AD-82D3-0F6DEE10436F}.Release|Any CPU.Build.0 = Release|Any CPU
		{3E056827-3EA1-4623-A6E4-6322BE88125D}.Debug|Any CPU.ActiveCfg = Debug|Any CPU
		{3E056827-3EA1-4623-A6E4-6322BE88125D}.Debug|Any CPU.Build.0 = Debug|Any CPU
		{3E056827-3EA1-4623-A6E4-6322BE88125D}.Release|Any CPU.ActiveCfg = Release|Any CPU
		{3E056827-3EA1-4623-A6E4-6322BE88125D}.Release|Any CPU.Build.0 = Release|Any CPU
		{3450CA39-9A12-4BC3-8FB8-D2B63AF78BB5}.Debug|Any CPU.ActiveCfg = Debug|Any CPU
		{3450CA39-9A12-4BC3-8FB8-D2B63AF78BB5}.Debug|Any CPU.Build.0 = Debug|Any CPU
		{3450CA39-9A12-4BC3-8FB8-D2B63AF78BB5}.Release|Any CPU.ActiveCfg = Release|Any CPU
		{3450CA39-9A12-4BC3-8FB8-D2B63AF78BB5}.Release|Any CPU.Build.0 = Release|Any CPU
		{2DC23E46-A645-4241-B856-9F2AF451B9DF}.Debug|Any CPU.ActiveCfg = Debug|Any CPU
		{2DC23E46-A645-4241-B856-9F2AF451B9DF}.Debug|Any CPU.Build.0 = Debug|Any CPU
		{2DC23E46-A645-4241-B856-9F2AF451B9DF}.Release|Any CPU.ActiveCfg = Release|Any CPU
		{2DC23E46-A645-4241-B856-9F2AF451B9DF}.Release|Any CPU.Build.0 = Release|Any CPU
	EndGlobalSection
	GlobalSection(SolutionProperties) = preSolution
		HideSolutionNode = FALSE
	EndGlobalSection
	GlobalSection(ExtensibilityGlobals) = postSolution
		SolutionGuid = {BFC05EEE-ADF8-493B-8CF8-6882C080B7F1}
	EndGlobalSection
EndGlobal
